// !$*UTF8*$!
{
	archiveVersion = 1;
	classes = {
	};
	objectVersion = 50;
	objects = {

/* Begin PBXBuildFile section */
		3F033A7924C3EF990011A458 /* AppDelegate.swift in Sources */ = {isa = PBXBuildFile; fileRef = 3F033A7824C3EF990011A458 /* AppDelegate.swift */; };
		3F033A7B24C3EF990011A458 /* SceneDelegate.swift in Sources */ = {isa = PBXBuildFile; fileRef = 3F033A7A24C3EF990011A458 /* SceneDelegate.swift */; };
		3F033A7D24C3EF990011A458 /* HomeViewController.swift in Sources */ = {isa = PBXBuildFile; fileRef = 3F033A7C24C3EF990011A458 /* HomeViewController.swift */; };
		3F033A8024C3EF990011A458 /* Main.storyboard in Resources */ = {isa = PBXBuildFile; fileRef = 3F033A7E24C3EF990011A458 /* Main.storyboard */; };
		3F033A8224C3EF9A0011A458 /* Assets.xcassets in Resources */ = {isa = PBXBuildFile; fileRef = 3F033A8124C3EF9A0011A458 /* Assets.xcassets */; };
		3F033A8524C3EF9A0011A458 /* LaunchScreen.storyboard in Resources */ = {isa = PBXBuildFile; fileRef = 3F033A8324C3EF9A0011A458 /* LaunchScreen.storyboard */; };
/* End PBXBuildFile section */

/* Begin PBXContainerItemProxy section */
		3F033A8C24C3EF9A0011A458 /* PBXContainerItemProxy */ = {
			isa = PBXContainerItemProxy;
			containerPortal = 3F033A6D24C3EF980011A458 /* Project object */;
			proxyType = 1;
			remoteGlobalIDString = 3F033A7424C3EF990011A458;
			remoteInfo = ModalPresentationTestingExample;
		};
/* End PBXContainerItemProxy section */

/* Begin PBXFileReference section */
		3F033A7524C3EF990011A458 /* ModalPresentationTestingExample.app */ = {isa = PBXFileReference; explicitFileType = wrapper.application; includeInIndex = 0; path = ModalPresentationTestingExample.app; sourceTree = BUILT_PRODUCTS_DIR; };
		3F033A7824C3EF990011A458 /* AppDelegate.swift */ = {isa = PBXFileReference; lastKnownFileType = sourcecode.swift; path = AppDelegate.swift; sourceTree = "<group>"; };
		3F033A7A24C3EF990011A458 /* SceneDelegate.swift */ = {isa = PBXFileReference; lastKnownFileType = sourcecode.swift; path = SceneDelegate.swift; sourceTree = "<group>"; };
		3F033A7C24C3EF990011A458 /* HomeViewController.swift */ = {isa = PBXFileReference; lastKnownFileType = sourcecode.swift; path = HomeViewController.swift; sourceTree = "<group>"; };
		3F033A7F24C3EF990011A458 /* Base */ = {isa = PBXFileReference; lastKnownFileType = file.storyboard; name = Base; path = Base.lproj/Main.storyboard; sourceTree = "<group>"; };
		3F033A8124C3EF9A0011A458 /* Assets.xcassets */ = {isa = PBXFileReference; lastKnownFileType = folder.assetcatalog; path = Assets.xcassets; sourceTree = "<group>"; };
		3F033A8424C3EF9A0011A458 /* Base */ = {isa = PBXFileReference; lastKnownFileType = file.storyboard; name = Base; path = Base.lproj/LaunchScreen.storyboard; sourceTree = "<group>"; };
		3F033A8624C3EF9A0011A458 /* Info.plist */ = {isa = PBXFileReference; lastKnownFileType = text.plist.xml; path = Info.plist; sourceTree = "<group>"; };
		3F033A8B24C3EF9A0011A458 /* ModalPresentationTestingExampleTests.xctest */ = {isa = PBXFileReference; explicitFileType = wrapper.cfbundle; includeInIndex = 0; path = ModalPresentationTestingExampleTests.xctest; sourceTree = BUILT_PRODUCTS_DIR; };
		3F033A9124C3EF9A0011A458 /* Info.plist */ = {isa = PBXFileReference; lastKnownFileType = text.plist.xml; path = Info.plist; sourceTree = "<group>"; };
/* End PBXFileReference section */

/* Begin PBXFrameworksBuildPhase section */
		3F033A7224C3EF990011A458 /* Frameworks */ = {
			isa = PBXFrameworksBuildPhase;
			buildActionMask = 2147483647;
			files = (
			);
			runOnlyForDeploymentPostprocessing = 0;
		};
		3F033A8824C3EF9A0011A458 /* Frameworks */ = {
			isa = PBXFrameworksBuildPhase;
			buildActionMask = 2147483647;
			files = (
			);
			runOnlyForDeploymentPostprocessing = 0;
		};
/* End PBXFrameworksBuildPhase section */

/* Begin PBXGroup section */
		3F033A6C24C3EF980011A458 = {
			isa = PBXGroup;
			children = (
				3F033A7724C3EF990011A458 /* ModalPresentationTestingExample */,
				3F033A8E24C3EF9A0011A458 /* ModalPresentationTestingExampleTests */,
				3F033A7624C3EF990011A458 /* Products */,
			);
			sourceTree = "<group>";
		};
		3F033A7624C3EF990011A458 /* Products */ = {
			isa = PBXGroup;
			children = (
				3F033A7524C3EF990011A458 /* ModalPresentationTestingExample.app */,
				3F033A8B24C3EF9A0011A458 /* ModalPresentationTestingExampleTests.xctest */,
			);
			name = Products;
			sourceTree = "<group>";
		};
		3F033A7724C3EF990011A458 /* ModalPresentationTestingExample */ = {
			isa = PBXGroup;
			children = (
				3F033A7824C3EF990011A458 /* AppDelegate.swift */,
				3F033A8124C3EF9A0011A458 /* Assets.xcassets */,
				3F033A7C24C3EF990011A458 /* HomeViewController.swift */,
				3F033A8624C3EF9A0011A458 /* Info.plist */,
				3F033A8324C3EF9A0011A458 /* LaunchScreen.storyboard */,
				3F033A7E24C3EF990011A458 /* Main.storyboard */,
				3F033A7A24C3EF990011A458 /* SceneDelegate.swift */,
			);
			path = ModalPresentationTestingExample;
			sourceTree = "<group>";
		};
		3F033A8E24C3EF9A0011A458 /* ModalPresentationTestingExampleTests */ = {
			isa = PBXGroup;
			children = (
				3F033A9124C3EF9A0011A458 /* Info.plist */,
			);
			path = ModalPresentationTestingExampleTests;
			sourceTree = "<group>";
		};
/* End PBXGroup section */

/* Begin PBXNativeTarget section */
		3F033A7424C3EF990011A458 /* ModalPresentationTestingExample */ = {
			isa = PBXNativeTarget;
			buildConfigurationList = 3F033A9F24C3EF9A0011A458 /* Build configuration list for PBXNativeTarget "ModalPresentationTestingExample" */;
			buildPhases = (
				3F033A7124C3EF990011A458 /* Sources */,
				3F033A7224C3EF990011A458 /* Frameworks */,
				3F033A7324C3EF990011A458 /* Resources */,
			);
			buildRules = (
			);
			dependencies = (
			);
			name = ModalPresentationTestingExample;
			productName = ModalPresentationTestingExample;
			productReference = 3F033A7524C3EF990011A458 /* ModalPresentationTestingExample.app */;
			productType = "com.apple.product-type.application";
		};
		3F033A8A24C3EF9A0011A458 /* ModalPresentationTestingExampleTests */ = {
			isa = PBXNativeTarget;
			buildConfigurationList = 3F033AA224C3EF9A0011A458 /* Build configuration list for PBXNativeTarget "ModalPresentationTestingExampleTests" */;
			buildPhases = (
				3F033A8724C3EF9A0011A458 /* Sources */,
				3F033A8824C3EF9A0011A458 /* Frameworks */,
				3F033A8924C3EF9A0011A458 /* Resources */,
			);
			buildRules = (
			);
			dependencies = (
				3F033A8D24C3EF9A0011A458 /* PBXTargetDependency */,
			);
			name = ModalPresentationTestingExampleTests;
			productName = ModalPresentationTestingExampleTests;
			productReference = 3F033A8B24C3EF9A0011A458 /* ModalPresentationTestingExampleTests.xctest */;
			productType = "com.apple.product-type.bundle.unit-test";
		};
/* End PBXNativeTarget section */

/* Begin PBXProject section */
		3F033A6D24C3EF980011A458 /* Project object */ = {
			isa = PBXProject;
			attributes = {
				LastSwiftUpdateCheck = 1200;
				LastUpgradeCheck = 1200;
				TargetAttributes = {
					3F033A7424C3EF990011A458 = {
						CreatedOnToolsVersion = 12.0;
					};
					3F033A8A24C3EF9A0011A458 = {
						CreatedOnToolsVersion = 12.0;
						TestTargetID = 3F033A7424C3EF990011A458;
					};
				};
			};
			buildConfigurationList = 3F033A7024C3EF980011A458 /* Build configuration list for PBXProject "ModalPresentationTestingExample" */;
			compatibilityVersion = "Xcode 9.3";
			developmentRegion = en;
			hasScannedForEncodings = 0;
			knownRegions = (
				en,
				Base,
			);
			mainGroup = 3F033A6C24C3EF980011A458;
			productRefGroup = 3F033A7624C3EF990011A458 /* Products */;
			projectDirPath = "";
			projectRoot = "";
			targets = (
				3F033A7424C3EF990011A458 /* ModalPresentationTestingExample */,
				3F033A8A24C3EF9A0011A458 /* ModalPresentationTestingExampleTests */,
			);
		};
/* End PBXProject section */

/* Begin PBXResourcesBuildPhase section */
		3F033A7324C3EF990011A458 /* Resources */ = {
			isa = PBXResourcesBuildPhase;
			buildActionMask = 2147483647;
			files = (
				3F033A8524C3EF9A0011A458 /* LaunchScreen.storyboard in Resources */,
				3F033A8224C3EF9A0011A458 /* Assets.xcassets in Resources */,
				3F033A8024C3EF990011A458 /* Main.storyboard in Resources */,
			);
			runOnlyForDeploymentPostprocessing = 0;
		};
		3F033A8924C3EF9A0011A458 /* Resources */ = {
			isa = PBXResourcesBuildPhase;
			buildActionMask = 2147483647;
			files = (
			);
			runOnlyForDeploymentPostprocessing = 0;
		};
/* End PBXResourcesBuildPhase section */

/* Begin PBXSourcesBuildPhase section */
		3F033A7124C3EF990011A458 /* Sources */ = {
			isa = PBXSourcesBuildPhase;
			buildActionMask = 2147483647;
			files = (
				3F033A7D24C3EF990011A458 /* HomeViewController.swift in Sources */,
				3F033A7924C3EF990011A458 /* AppDelegate.swift in Sources */,
				3F033A7B24C3EF990011A458 /* SceneDelegate.swift in Sources */,
			);
			runOnlyForDeploymentPostprocessing = 0;
		};
		3F033A8724C3EF9A0011A458 /* Sources */ = {
			isa = PBXSourcesBuildPhase;
			buildActionMask = 2147483647;
			files = (
			);
			runOnlyForDeploymentPostprocessing = 0;
		};
/* End PBXSourcesBuildPhase section */

/* Begin PBXTargetDependency section */
		3F033A8D24C3EF9A0011A458 /* PBXTargetDependency */ = {
			isa = PBXTargetDependency;
			target = 3F033A7424C3EF990011A458 /* ModalPresentationTestingExample */;
			targetProxy = 3F033A8C24C3EF9A0011A458 /* PBXContainerItemProxy */;
		};
/* End PBXTargetDependency section */

/* Begin PBXVariantGroup section */
		3F033A7E24C3EF990011A458 /* Main.storyboard */ = {
			isa = PBXVariantGroup;
			children = (
				3F033A7F24C3EF990011A458 /* Base */,
			);
			name = Main.storyboard;
			sourceTree = "<group>";
		};
		3F033A8324C3EF9A0011A458 /* LaunchScreen.storyboard */ = {
			isa = PBXVariantGroup;
			children = (
				3F033A8424C3EF9A0011A458 /* Base */,
			);
			name = LaunchScreen.storyboard;
			sourceTree = "<group>";
		};
/* End PBXVariantGroup section */

/* Begin XCBuildConfiguration section */
		3F033A9D24C3EF9A0011A458 /* Debug */ = {
			isa = XCBuildConfiguration;
			buildSettings = {
				ALWAYS_SEARCH_USER_PATHS = NO;
				CLANG_ANALYZER_NONNULL = YES;
				CLANG_ANALYZER_NUMBER_OBJECT_CONVERSION = YES_AGGRESSIVE;
				CLANG_CXX_LANGUAGE_STANDARD = "gnu++14";
				CLANG_CXX_LIBRARY = "libc++";
				CLANG_ENABLE_MODULES = YES;
				CLANG_ENABLE_OBJC_ARC = YES;
				CLANG_ENABLE_OBJC_WEAK = YES;
				CLANG_WARN_BLOCK_CAPTURE_AUTORELEASING = YES;
				CLANG_WARN_BOOL_CONVERSION = YES;
				CLANG_WARN_COMMA = YES;
				CLANG_WARN_CONSTANT_CONVERSION = YES;
				CLANG_WARN_DEPRECATED_OBJC_IMPLEMENTATIONS = YES;
				CLANG_WARN_DIRECT_OBJC_ISA_USAGE = YES_ERROR;
				CLANG_WARN_DOCUMENTATION_COMMENTS = YES;
				CLANG_WARN_EMPTY_BODY = YES;
				CLANG_WARN_ENUM_CONVERSION = YES;
				CLANG_WARN_INFINITE_RECURSION = YES;
				CLANG_WARN_INT_CONVERSION = YES;
				CLANG_WARN_NON_LITERAL_NULL_CONVERSION = YES;
				CLANG_WARN_OBJC_IMPLICIT_RETAIN_SELF = YES;
				CLANG_WARN_OBJC_LITERAL_CONVERSION = YES;
				CLANG_WARN_OBJC_ROOT_CLASS = YES_ERROR;
				CLANG_WARN_QUOTED_INCLUDE_IN_FRAMEWORK_HEADER = YES;
				CLANG_WARN_RANGE_LOOP_ANALYSIS = YES;
				CLANG_WARN_STRICT_PROTOTYPES = YES;
				CLANG_WARN_SUSPICIOUS_MOVE = YES;
				CLANG_WARN_UNGUARDED_AVAILABILITY = YES_AGGRESSIVE;
				CLANG_WARN_UNREACHABLE_CODE = YES;
				CLANG_WARN__DUPLICATE_METHOD_MATCH = YES;
				COPY_PHASE_STRIP = NO;
				DEBUG_INFORMATION_FORMAT = dwarf;
				ENABLE_STRICT_OBJC_MSGSEND = YES;
				ENABLE_TESTABILITY = YES;
				GCC_C_LANGUAGE_STANDARD = gnu11;
				GCC_DYNAMIC_NO_PIC = NO;
				GCC_NO_COMMON_BLOCKS = YES;
				GCC_OPTIMIZATION_LEVEL = 0;
				GCC_PREPROCESSOR_DEFINITIONS = (
					"DEBUG=1",
					"$(inherited)",
				);
				GCC_WARN_64_TO_32_BIT_CONVERSION = YES;
				GCC_WARN_ABOUT_RETURN_TYPE = YES_ERROR;
				GCC_WARN_UNDECLARED_SELECTOR = YES;
				GCC_WARN_UNINITIALIZED_AUTOS = YES_AGGRESSIVE;
				GCC_WARN_UNUSED_FUNCTION = YES;
				GCC_WARN_UNUSED_VARIABLE = YES;
				IPHONEOS_DEPLOYMENT_TARGET = 14.0;
				MTL_ENABLE_DEBUG_INFO = INCLUDE_SOURCE;
				MTL_FAST_MATH = YES;
				ONLY_ACTIVE_ARCH = YES;
				SDKROOT = iphoneos;
				SWIFT_ACTIVE_COMPILATION_CONDITIONS = DEBUG;
				SWIFT_OPTIMIZATION_LEVEL = "-Onone";
			};
			name = Debug;
		};
		3F033A9E24C3EF9A0011A458 /* Release */ = {
			isa = XCBuildConfiguration;
			buildSettings = {
				ALWAYS_SEARCH_USER_PATHS = NO;
				CLANG_ANALYZER_NONNULL = YES;
				CLANG_ANALYZER_NUMBER_OBJECT_CONVERSION = YES_AGGRESSIVE;
				CLANG_CXX_LANGUAGE_STANDARD = "gnu++14";
				CLANG_CXX_LIBRARY = "libc++";
				CLANG_ENABLE_MODULES = YES;
				CLANG_ENABLE_OBJC_ARC = YES;
				CLANG_ENABLE_OBJC_WEAK = YES;
				CLANG_WARN_BLOCK_CAPTURE_AUTORELEASING = YES;
				CLANG_WARN_BOOL_CONVERSION = YES;
				CLANG_WARN_COMMA = YES;
				CLANG_WARN_CONSTANT_CONVERSION = YES;
				CLANG_WARN_DEPRECATED_OBJC_IMPLEMENTATIONS = YES;
				CLANG_WARN_DIRECT_OBJC_ISA_USAGE = YES_ERROR;
				CLANG_WARN_DOCUMENTATION_COMMENTS = YES;
				CLANG_WARN_EMPTY_BODY = YES;
				CLANG_WARN_ENUM_CONVERSION = YES;
				CLANG_WARN_INFINITE_RECURSION = YES;
				CLANG_WARN_INT_CONVERSION = YES;
				CLANG_WARN_NON_LITERAL_NULL_CONVERSION = YES;
				CLANG_WARN_OBJC_IMPLICIT_RETAIN_SELF = YES;
				CLANG_WARN_OBJC_LITERAL_CONVERSION = YES;
				CLANG_WARN_OBJC_ROOT_CLASS = YES_ERROR;
				CLANG_WARN_QUOTED_INCLUDE_IN_FRAMEWORK_HEADER = YES;
				CLANG_WARN_RANGE_LOOP_ANALYSIS = YES;
				CLANG_WARN_STRICT_PROTOTYPES = YES;
				CLANG_WARN_SUSPICIOUS_MOVE = YES;
				CLANG_WARN_UNGUARDED_AVAILABILITY = YES_AGGRESSIVE;
				CLANG_WARN_UNREACHABLE_CODE = YES;
				CLANG_WARN__DUPLICATE_METHOD_MATCH = YES;
				COPY_PHASE_STRIP = NO;
				DEBUG_INFORMATION_FORMAT = "dwarf-with-dsym";
				ENABLE_NS_ASSERTIONS = NO;
				ENABLE_STRICT_OBJC_MSGSEND = YES;
				GCC_C_LANGUAGE_STANDARD = gnu11;
				GCC_NO_COMMON_BLOCKS = YES;
				GCC_WARN_64_TO_32_BIT_CONVERSION = YES;
				GCC_WARN_ABOUT_RETURN_TYPE = YES_ERROR;
				GCC_WARN_UNDECLARED_SELECTOR = YES;
				GCC_WARN_UNINITIALIZED_AUTOS = YES_AGGRESSIVE;
				GCC_WARN_UNUSED_FUNCTION = YES;
				GCC_WARN_UNUSED_VARIABLE = YES;
				IPHONEOS_DEPLOYMENT_TARGET = 14.0;
				MTL_ENABLE_DEBUG_INFO = NO;
				MTL_FAST_MATH = YES;
				SDKROOT = iphoneos;
				SWIFT_COMPILATION_MODE = wholemodule;
				SWIFT_OPTIMIZATION_LEVEL = "-O";
				VALIDATE_PRODUCT = YES;
			};
			name = Release;
		};
		3F033AA024C3EF9A0011A458 /* Debug */ = {
			isa = XCBuildConfiguration;
			buildSettings = {
				ASSETCATALOG_COMPILER_APPICON_NAME = AppIcon;
				ASSETCATALOG_COMPILER_GLOBAL_ACCENT_COLOR_NAME = AccentColor;
				CODE_SIGN_STYLE = Automatic;
				INFOPLIST_FILE = ModalPresentationTestingExample/Info.plist;
				LD_RUNPATH_SEARCH_PATHS = (
					"$(inherited)",
					"@executable_path/Frameworks",
				);
				PRODUCT_BUNDLE_IDENTIFIER = examples.mokagio.ModalPresentationTestingExample;
				PRODUCT_NAME = "$(TARGET_NAME)";
				SWIFT_VERSION = 5.0;
				TARGETED_DEVICE_FAMILY = "1,2";
			};
			name = Debug;
		};
		3F033AA124C3EF9A0011A458 /* Release */ = {
			isa = XCBuildConfiguration;
			buildSettings = {
				ASSETCATALOG_COMPILER_APPICON_NAME = AppIcon;
				ASSETCATALOG_COMPILER_GLOBAL_ACCENT_COLOR_NAME = AccentColor;
				CODE_SIGN_STYLE = Automatic;
				INFOPLIST_FILE = ModalPresentationTestingExample/Info.plist;
				LD_RUNPATH_SEARCH_PATHS = (
					"$(inherited)",
					"@executable_path/Frameworks",
				);
				PRODUCT_BUNDLE_IDENTIFIER = examples.mokagio.ModalPresentationTestingExample;
				PRODUCT_NAME = "$(TARGET_NAME)";
				SWIFT_VERSION = 5.0;
				TARGETED_DEVICE_FAMILY = "1,2";
			};
			name = Release;
		};
		3F033AA324C3EF9A0011A458 /* Debug */ = {
			isa = XCBuildConfiguration;
			buildSettings = {
				ALWAYS_EMBED_SWIFT_STANDARD_LIBRARIES = YES;
				BUNDLE_LOADER = "$(TEST_HOST)";
				CODE_SIGN_STYLE = Automatic;
				INFOPLIST_FILE = ModalPresentationTestingExampleTests/Info.plist;
				IPHONEOS_DEPLOYMENT_TARGET = 14.0;
				LD_RUNPATH_SEARCH_PATHS = (
					"$(inherited)",
					"@executable_path/Frameworks",
					"@loader_path/Frameworks",
				);
				PRODUCT_BUNDLE_IDENTIFIER = examples.mokagio.ModalPresentationTestingExampleTests;
				PRODUCT_NAME = "$(TARGET_NAME)";
				SWIFT_VERSION = 5.0;
				TARGETED_DEVICE_FAMILY = "1,2";
				TEST_HOST = "$(BUILT_PRODUCTS_DIR)/ModalPresentationTestingExample.app/ModalPresentationTestingExample";
			};
			name = Debug;
		};
		3F033AA424C3EF9A0011A458 /* Release */ = {
			isa = XCBuildConfiguration;
			buildSettings = {
				ALWAYS_EMBED_SWIFT_STANDARD_LIBRARIES = YES;
				BUNDLE_LOADER = "$(TEST_HOST)";
				CODE_SIGN_STYLE = Automatic;
				INFOPLIST_FILE = ModalPresentationTestingExampleTests/Info.plist;
				IPHONEOS_DEPLOYMENT_TARGET = 14.0;
				LD_RUNPATH_SEARCH_PATHS = (
					"$(inherited)",
					"@executable_path/Frameworks",
					"@loader_path/Frameworks",
				);
				PRODUCT_BUNDLE_IDENTIFIER = examples.mokagio.ModalPresentationTestingExampleTests;
				PRODUCT_NAME = "$(TARGET_NAME)";
				SWIFT_VERSION = 5.0;
				TARGETED_DEVICE_FAMILY = "1,2";
				TEST_HOST = "$(BUILT_PRODUCTS_DIR)/ModalPresentationTestingExample.app/ModalPresentationTestingExample";
			};
			name = Release;
		};
/* End XCBuildConfiguration section */

/* Begin XCConfigurationList section */
		3F033A7024C3EF980011A458 /* Build configuration list for PBXProject "ModalPresentationTestingExample" */ = {
			isa = XCConfigurationList;
			buildConfigurations = (
				3F033A9D24C3EF9A0011A458 /* Debug */,
				3F033A9E24C3EF9A0011A458 /* Release */,
			);
			defaultConfigurationIsVisible = 0;
			defaultConfigurationName = Release;
		};
		3F033A9F24C3EF9A0011A458 /* Build configuration list for PBXNativeTarget "ModalPresentationTestingExample" */ = {
			isa = XCConfigurationList;
			buildConfigurations = (
				3F033AA024C3EF9A0011A458 /* Debug */,
				3F033AA124C3EF9A0011A458 /* Release */,
			);
			defaultConfigurationIsVisible = 0;
			defaultConfigurationName = Release;
		};
		3F033AA224C3EF9A0011A458 /* Build configuration list for PBXNativeTarget "ModalPresentationTestingExampleTests" */ = {
			isa = XCConfigurationList;
			buildConfigurations = (
				3F033AA324C3EF9A0011A458 /* Debug */,
				3F033AA424C3EF9A0011A458 /* Release */,
			);
			defaultConfigurationIsVisible = 0;
			defaultConfigurationName = Release;
		};
/* End XCConfigurationList section */
	};
	rootObject = 3F033A6D24C3EF980011A458 /* Project object */;
}
